<?xml version="1.0" encoding="utf-8"?>
<Project xmlns="http://schemas.microsoft.com/developer/msbuild/2003">
  <ItemGroup>
    <Filter Include="Header Files">
      <UniqueIdentifier>{93995380-89BD-4b04-88EB-625FBE52EBFB}</UniqueIdentifier>
      <Extensions>h;hpp;hxx;hm;inl;inc;xsd</Extensions>
    </Filter>
    <Filter Include="Header Files">
      <UniqueIdentifier>{93995380-89BD-4b04-88EB-625FBE52EBFB}</UniqueIdentifier>
      <Extensions>h;hpp;hxx;hm;inl;inc;xsd</Extensions>
    </Filter>
  </ItemGroup>
  <ItemGroup>
    <ClInclude Include="algorithm.hpp">
      <Filter>Header Files</Filter>
    </ClInclude>
    <ClInclude Include="c++17_features.hpp">
      <Filter>Header Files</Filter>
    </ClInclude>
    <ClInclude Include="concurrent.hpp">
      <Filter>Header Files</Filter>
    </ClInclude>
    <ClInclude Include="concurrent_queue.hpp">
      <Filter>Header Files</Filter>
    </ClInclude>
    <ClInclude Include="cow_ptr.hpp">
      <Filter>Header Files</Filter>
    </ClInclude>
    <ClInclude Include="dependency_thread_pool.hpp">
      <Filter>Header Files</Filter>
    </ClInclude>
    <ClInclude Include="exception.hpp">
      <Filter>Header Files</Filter>
    </ClInclude>
    <ClInclude Include="exception_handling.hpp">
      <Filter>Header Files</Filter>
    </ClInclude>
    <ClInclude Include="filters.hpp">
      <Filter>Header Files</Filter>
    </ClInclude>
    <ClInclude Include="functors.hpp">
      <Filter>Header Files</Filter>
    </ClInclude>
    <ClInclude Include="functors_fwd.hpp">
      <Filter>Header Files</Filter>
    </ClInclude>
    <ClInclude Include="fwd.hpp">
      <Filter>Header Files</Filter>
    </ClInclude>
    <ClInclude Include="geometry.hpp">
      <Filter>Header Files</Filter>
    </ClInclude>
    <ClInclude Include="hexdump.hpp">
      <Filter>Header Files</Filter>
    </ClInclude>
    <ClInclude Include="ignore.hpp">
      <Filter>Header Files</Filter>
    </ClInclude>
    <ClInclude Include="json.hpp">
      <Filter>Header Files</Filter>
    </ClInclude>
    <ClInclude Include="json_fwd.hpp">
      <Filter>Header Files</Filter>
    </ClInclude>
    <ClInclude Include="math_helpers.hpp">
      <Filter>Header Files</Filter>
    </ClInclude>
    <ClInclude Include="memory_helpers.hpp">
      <Filter>Header Files</Filter>
    </ClInclude>
    <ClInclude Include="meta_functor_binder.hpp">
      <Filter>Header Files</Filter>
    </ClInclude>
    <ClInclude Include="meta_programming.hpp">
      <Filter>Header Files</Filter>
    </ClInclude>
    <ClInclude Include="monitor.hpp">
      <Filter>Header Files</Filter>
    </ClInclude>
    <ClInclude Include="pimpl_ptr.hpp">
      <Filter>Header Files</Filter>
    </ClInclude>
    <ClInclude Include="polynomials.hpp">
      <Filter>Header Files</Filter>
    </ClInclude>
    <ClInclude Include="progress.hpp">
      <Filter>Header Files</Filter>
    </ClInclude>
    <ClInclude Include="ranges.hpp">
      <Filter>Header Files</Filter>
    </ClInclude>
    <ClInclude Include="rank.hpp">
      <Filter>Header Files</Filter>
    </ClInclude>
    <ClInclude Include="rational.hpp">
      <Filter>Header Files</Filter>
    </ClInclude>
    <ClInclude Include="region_allocator.hpp">
      <Filter>Header Files</Filter>
    </ClInclude>
    <ClInclude Include="scope_guard.hpp">
      <Filter>Header Files</Filter>
    </ClInclude>
    <ClInclude Include="slice.hpp">
      <Filter>Header Files</Filter>
    </ClInclude>
    <ClInclude Include="string_helpers.hpp">
      <Filter>Header Files</Filter>
    </ClInclude>
    <ClInclude Include="swap.hpp">
      <Filter>Header Files</Filter>
    </ClInclude>
    <ClInclude Include="task_queue.hpp">
      <Filter>Header Files</Filter>
    </ClInclude>
    <ClInclude Include="task_queue_thread.hpp">
      <Filter>Header Files</Filter>
    </ClInclude>
    <ClInclude Include="task_queue_thread_pool.hpp">
      <Filter>Header Files</Filter>
    </ClInclude>
    <ClInclude Include="units.hpp">
      <Filter>Header Files</Filter>
    </ClInclude>
    <ClInclude Include="updater.hpp">
      <Filter>Header Files</Filter>
    </ClInclude>
    <ClInclude Include="visitor.hpp">
      <Filter>Header Files</Filter>
    </ClInclude>
    <ClInclude Include="optional.hpp">
      <Filter>Header Files</Filter>
    </ClInclude>
  </ItemGroup>
</Project>